
Microsoft Visual Studio Solution File, Format Version 12.00
# Visual Studio 15
VisualStudioVersion = 15.0.28307.902
MinimumVisualStudioVersion = 10.0.40219.1
Project("{FAE04EC0-301F-11D3-BF4B-00C04F79EFBC}") = "MethodsExamle", "MethodsExamle\MethodsExamle.csproj", "{E9CA8BFD-CE00-4EEB-A1F1-A0BD877B9401}"
EndProject
Global
	GlobalSection(SolutionConfigurationPlatforms) = preSolution
		Debug|Any CPU = Debug|Any CPU
		Release|Any CPU = Release|Any CPU
	EndGlobalSection
	GlobalSection(ProjectConfigurationPlatforms) = postSolution
		{E9CA8BFD-CE00-4EEB-A1F1-A0BD877B9401}.Debug|Any CPU.ActiveCfg = Debug|Any CPU
		{E9CA8BFD-CE00-4EEB-A1F1-A0BD877B9401}.Debug|Any CPU.Build.0 = Debug|Any CPU
		{E9CA8BFD-CE00-4EEB-A1F1-A0BD877B9401}.Release|Any CPU.ActiveCfg = Release|Any CPU
		{E9CA8BFD-CE00-4EEB-A1F1-A0BD877B9401}.Release|Any CPU.Build.0 = Release|Any CPU
	EndGlobalSection
	GlobalSection(SolutionProperties) = preSolution
		HideSolutionNode = FALSE
	EndGlobalSection
	GlobalSection(ExtensibilityGlobals) = postSolution
		SolutionGuid = {35C9963A-B5C0-408D-B9AC-B82B1BA0C51A}
	EndGlobalSection
EndGlobal
