
Microsoft Visual Studio Solution File, Format Version 12.00
# Visual Studio 15
VisualStudioVersion = 15.0.28307.539
MinimumVisualStudioVersion = 10.0.40219.1
Project("{FAE04EC0-301F-11D3-BF4B-00C04F79EFBC}") = "arraysEx1", "arraysEx1\arraysEx1.csproj", "{4A2F3D80-38A6-4C12-9C56-269D2BD5E07A}"
EndProject
Global
	GlobalSection(SolutionConfigurationPlatforms) = preSolution
		Debug|Any CPU = Debug|Any CPU
		Release|Any CPU = Release|Any CPU
	EndGlobalSection
	GlobalSection(ProjectConfigurationPlatforms) = postSolution
		{4A2F3D80-38A6-4C12-9C56-269D2BD5E07A}.Debug|Any CPU.ActiveCfg = Debug|Any CPU
		{4A2F3D80-38A6-4C12-9C56-269D2BD5E07A}.Debug|Any CPU.Build.0 = Debug|Any CPU
		{4A2F3D80-38A6-4C12-9C56-269D2BD5E07A}.Release|Any CPU.ActiveCfg = Release|Any CPU
		{4A2F3D80-38A6-4C12-9C56-269D2BD5E07A}.Release|Any CPU.Build.0 = Release|Any CPU
	EndGlobalSection
	GlobalSection(SolutionProperties) = preSolution
		HideSolutionNode = FALSE
	EndGlobalSection
	GlobalSection(ExtensibilityGlobals) = postSolution
		SolutionGuid = {F46C22C9-7D0B-495E-929A-063271F848A8}
	EndGlobalSection
EndGlobal
