
Microsoft Visual Studio Solution File, Format Version 12.00
# Visual Studio 15
VisualStudioVersion = 15.0.28307.539
MinimumVisualStudioVersion = 10.0.40219.1
Project("{FAE04EC0-301F-11D3-BF4B-00C04F79EFBC}") = "ASCII", "ASCII\ASCII.csproj", "{FAC73C96-1A29-45B5-AA98-EA8B4E8D782B}"
EndProject
Global
	GlobalSection(SolutionConfigurationPlatforms) = preSolution
		Debug|Any CPU = Debug|Any CPU
		Release|Any CPU = Release|Any CPU
	EndGlobalSection
	GlobalSection(ProjectConfigurationPlatforms) = postSolution
		{FAC73C96-1A29-45B5-AA98-EA8B4E8D782B}.Debug|Any CPU.ActiveCfg = Debug|Any CPU
		{FAC73C96-1A29-45B5-AA98-EA8B4E8D782B}.Debug|Any CPU.Build.0 = Debug|Any CPU
		{FAC73C96-1A29-45B5-AA98-EA8B4E8D782B}.Release|Any CPU.ActiveCfg = Release|Any CPU
		{FAC73C96-1A29-45B5-AA98-EA8B4E8D782B}.Release|Any CPU.Build.0 = Release|Any CPU
	EndGlobalSection
	GlobalSection(SolutionProperties) = preSolution
		HideSolutionNode = FALSE
	EndGlobalSection
	GlobalSection(ExtensibilityGlobals) = postSolution
		SolutionGuid = {61AA07D8-9556-4ECE-A859-270A50269A94}
	EndGlobalSection
EndGlobal
